
Microsoft Visual Studio Solution File, Format Version 12.00
# Visual Studio Version 17
VisualStudioVersion = 17.2.32526.322
MinimumVisualStudioVersion = 10.0.40219.1
Project("{9A19103F-16F7-4668-BE54-9A1E7A4F7556}") = "Projeto01.Services.Api", "Projeto01.Services.Api\Projeto01.Services.Api.csproj", "{84A1B9A5-5C10-4FE1-865F-6204F90945EC}"
EndProject
Project("{2150E333-8FDC-42A3-9474-1A3956D46DE8}") = "1-Services", "1-Services", "{7E972265-8900-48EF-88B3-ADDB076186D9}"
EndProject
Project("{2150E333-8FDC-42A3-9474-1A3956D46DE8}") = "2- Application", "2- Application", "{1D24EDEF-60D3-4513-BA0F-FCB28795807B}"
EndProject
Project("{2150E333-8FDC-42A3-9474-1A3956D46DE8}") = "3 - Domain", "3 - Domain", "{78497D7D-9FAB-43F8-A3F0-E30F47FE9E05}"
EndProject
Project("{2150E333-8FDC-42A3-9474-1A3956D46DE8}") = "4 - InfraStructure", "4 - InfraStructure", "{6E670DFD-D59C-489E-BC28-AA0ED4124554}"
EndProject
Project("{2150E333-8FDC-42A3-9474-1A3956D46DE8}") = "Core", "Core", "{DCCC3866-27EE-4F2F-AC28-040FF9169B23}"
EndProject
Project("{2150E333-8FDC-42A3-9474-1A3956D46DE8}") = "Impl", "Impl", "{7B419CDF-E429-4E5C-9B1B-DE8E911050DD}"
EndProject
Project("{2150E333-8FDC-42A3-9474-1A3956D46DE8}") = "Data", "Data", "{EB9AA816-3843-4D3A-9D67-E250B3918E51}"
EndProject
Project("{9A19103F-16F7-4668-BE54-9A1E7A4F7556}") = "Projeto01.Domain.Core", "Projeto01.Domain.Core\Projeto01.Domain.Core.csproj", "{8A36CF2C-5CF1-4BBA-B0A0-73D78913C82D}"
EndProject
Project("{9A19103F-16F7-4668-BE54-9A1E7A4F7556}") = "Projeto01.Domain", "Projeto01.Domain\Projeto01.Domain.csproj", "{8C2ED573-F315-4D75-9F7C-0087687061B4}"
EndProject
Project("{9A19103F-16F7-4668-BE54-9A1E7A4F7556}") = "Projeto01.Infra.Data.SqlServer", "Projeto01.Infra.Data.SqlServer\Projeto01.Infra.Data.SqlServer.csproj", "{E01ED88E-12EB-4E20-A480-5547FCE57ACC}"
EndProject
Project("{9A19103F-16F7-4668-BE54-9A1E7A4F7556}") = "Projeto01.Application", "Projeto01.Application\Projeto01.Application.csproj", "{268553BC-099F-4ED6-BDB0-9848D4B7FD74}"
EndProject
Project("{2150E333-8FDC-42A3-9474-1A3956D46DE8}") = "Cache", "Cache", "{859036BD-7F99-41C1-BD6D-1CC425E03610}"
EndProject
Project("{9A19103F-16F7-4668-BE54-9A1E7A4F7556}") = "Projeto01.Infra.Cache.MongoDB", "Projeto01.Infra.Cache.MongoDB\Projeto01.Infra.Cache.MongoDB.csproj", "{E274B91A-8A07-4E0F-B35F-811DBC3A0BB9}"
EndProject
Project("{2150E333-8FDC-42A3-9474-1A3956D46DE8}") = "5 - Tests", "5 - Tests", "{B94A97A9-985D-4A0B-829A-FF97786461F5}"
EndProject
Project("{FAE04EC0-301F-11D3-BF4B-00C04F79EFBC}") = "Projeto01.Services.Api.Tests", "Projeto01.Services.Api.Tests\Projeto01.Services.Api.Tests.csproj", "{FC80D3ED-729E-4CA8-AF60-FC5ED6CAC2D8}"
EndProject
Global
	GlobalSection(SolutionConfigurationPlatforms) = preSolution
		Debug|Any CPU = Debug|Any CPU
		Release|Any CPU = Release|Any CPU
	EndGlobalSection
	GlobalSection(ProjectConfigurationPlatforms) = postSolution
		{84A1B9A5-5C10-4FE1-865F-6204F90945EC}.Debug|Any CPU.ActiveCfg = Debug|Any CPU
		{84A1B9A5-5C10-4FE1-865F-6204F90945EC}.Debug|Any CPU.Build.0 = Debug|Any CPU
		{84A1B9A5-5C10-4FE1-865F-6204F90945EC}.Release|Any CPU.ActiveCfg = Release|Any CPU
		{84A1B9A5-5C10-4FE1-865F-6204F90945EC}.Release|Any CPU.Build.0 = Release|Any CPU
		{8A36CF2C-5CF1-4BBA-B0A0-73D78913C82D}.Debug|Any CPU.ActiveCfg = Debug|Any CPU
		{8A36CF2C-5CF1-4BBA-B0A0-73D78913C82D}.Debug|Any CPU.Build.0 = Debug|Any CPU
		{8A36CF2C-5CF1-4BBA-B0A0-73D78913C82D}.Release|Any CPU.ActiveCfg = Release|Any CPU
		{8A36CF2C-5CF1-4BBA-B0A0-73D78913C82D}.Release|Any CPU.Build.0 = Release|Any CPU
		{8C2ED573-F315-4D75-9F7C-0087687061B4}.Debug|Any CPU.ActiveCfg = Debug|Any CPU
		{8C2ED573-F315-4D75-9F7C-0087687061B4}.Debug|Any CPU.Build.0 = Debug|Any CPU
		{8C2ED573-F315-4D75-9F7C-0087687061B4}.Release|Any CPU.ActiveCfg = Release|Any CPU
		{8C2ED573-F315-4D75-9F7C-0087687061B4}.Release|Any CPU.Build.0 = Release|Any CPU
		{E01ED88E-12EB-4E20-A480-5547FCE57ACC}.Debug|Any CPU.ActiveCfg = Debug|Any CPU
		{E01ED88E-12EB-4E20-A480-5547FCE57ACC}.Debug|Any CPU.Build.0 = Debug|Any CPU
		{E01ED88E-12EB-4E20-A480-5547FCE57ACC}.Release|Any CPU.ActiveCfg = Release|Any CPU
		{E01ED88E-12EB-4E20-A480-5547FCE57ACC}.Release|Any CPU.Build.0 = Release|Any CPU
		{268553BC-099F-4ED6-BDB0-9848D4B7FD74}.Debug|Any CPU.ActiveCfg = Debug|Any CPU
		{268553BC-099F-4ED6-BDB0-9848D4B7FD74}.Debug|Any CPU.Build.0 = Debug|Any CPU
		{268553BC-099F-4ED6-BDB0-9848D4B7FD74}.Release|Any CPU.ActiveCfg = Release|Any CPU
		{268553BC-099F-4ED6-BDB0-9848D4B7FD74}.Release|Any CPU.Build.0 = Release|Any CPU
		{E274B91A-8A07-4E0F-B35F-811DBC3A0BB9}.Debug|Any CPU.ActiveCfg = Debug|Any CPU
		{E274B91A-8A07-4E0F-B35F-811DBC3A0BB9}.Debug|Any CPU.Build.0 = Debug|Any CPU
		{E274B91A-8A07-4E0F-B35F-811DBC3A0BB9}.Release|Any CPU.ActiveCfg = Release|Any CPU
		{E274B91A-8A07-4E0F-B35F-811DBC3A0BB9}.Release|Any CPU.Build.0 = Release|Any CPU
		{FC80D3ED-729E-4CA8-AF60-FC5ED6CAC2D8}.Debug|Any CPU.ActiveCfg = Debug|Any CPU
		{FC80D3ED-729E-4CA8-AF60-FC5ED6CAC2D8}.Debug|Any CPU.Build.0 = Debug|Any CPU
		{FC80D3ED-729E-4CA8-AF60-FC5ED6CAC2D8}.Release|Any CPU.ActiveCfg = Release|Any CPU
		{FC80D3ED-729E-4CA8-AF60-FC5ED6CAC2D8}.Release|Any CPU.Build.0 = Release|Any CPU
	EndGlobalSection
	GlobalSection(SolutionProperties) = preSolution
		HideSolutionNode = FALSE
	EndGlobalSection
	GlobalSection(NestedProjects) = preSolution
		{84A1B9A5-5C10-4FE1-865F-6204F90945EC} = {7E972265-8900-48EF-88B3-ADDB076186D9}
		{DCCC3866-27EE-4F2F-AC28-040FF9169B23} = {78497D7D-9FAB-43F8-A3F0-E30F47FE9E05}
		{7B419CDF-E429-4E5C-9B1B-DE8E911050DD} = {78497D7D-9FAB-43F8-A3F0-E30F47FE9E05}
		{EB9AA816-3843-4D3A-9D67-E250B3918E51} = {6E670DFD-D59C-489E-BC28-AA0ED4124554}
		{8A36CF2C-5CF1-4BBA-B0A0-73D78913C82D} = {DCCC3866-27EE-4F2F-AC28-040FF9169B23}
		{8C2ED573-F315-4D75-9F7C-0087687061B4} = {7B419CDF-E429-4E5C-9B1B-DE8E911050DD}
		{E01ED88E-12EB-4E20-A480-5547FCE57ACC} = {EB9AA816-3843-4D3A-9D67-E250B3918E51}
		{268553BC-099F-4ED6-BDB0-9848D4B7FD74} = {1D24EDEF-60D3-4513-BA0F-FCB28795807B}
		{859036BD-7F99-41C1-BD6D-1CC425E03610} = {6E670DFD-D59C-489E-BC28-AA0ED4124554}
		{E274B91A-8A07-4E0F-B35F-811DBC3A0BB9} = {859036BD-7F99-41C1-BD6D-1CC425E03610}
		{FC80D3ED-729E-4CA8-AF60-FC5ED6CAC2D8} = {B94A97A9-985D-4A0B-829A-FF97786461F5}
	EndGlobalSection
	GlobalSection(ExtensibilityGlobals) = postSolution
		SolutionGuid = {02BFCBBE-04A9-4150-813D-65527D211869}
	EndGlobalSection
EndGlobal
